
Microsoft Visual Studio Solution File, Format Version 10.00
# Visual Studio 2008
Project("{FAE04EC0-301F-11D3-BF4B-00C04F79EFBC}") = "FCSlib", "FCSlib\FCSlib.csproj", "{8EE0C2C1-C0E2-4C8B-878B-A3CFF9A2DA32}"
EndProject
Project("{FAE04EC0-301F-11D3-BF4B-00C04F79EFBC}") = "FCSlib.tests", "tests\FCSlib.tests\FCSlib.tests.csproj", "{BA4F0FC6-F892-4850-B69F-4F1EB029BF62}"
EndProject
Global
	GlobalSection(SolutionConfigurationPlatforms) = preSolution
		Debug|Any CPU = Debug|Any CPU
		Release|Any CPU = Release|Any CPU
	EndGlobalSection
	GlobalSection(ProjectConfigurationPlatforms) = postSolution
		{8EE0C2C1-C0E2-4C8B-878B-A3CFF9A2DA32}.Debug|Any CPU.ActiveCfg = Debug|Any CPU
		{8EE0C2C1-C0E2-4C8B-878B-A3CFF9A2DA32}.Debug|Any CPU.Build.0 = Debug|Any CPU
		{8EE0C2C1-C0E2-4C8B-878B-A3CFF9A2DA32}.Release|Any CPU.ActiveCfg = Release|Any CPU
		{8EE0C2C1-C0E2-4C8B-878B-A3CFF9A2DA32}.Release|Any CPU.Build.0 = Release|Any CPU
		{BA4F0FC6-F892-4850-B69F-4F1EB029BF62}.Debug|Any CPU.ActiveCfg = Debug|Any CPU
		{BA4F0FC6-F892-4850-B69F-4F1EB029BF62}.Debug|Any CPU.Build.0 = Debug|Any CPU
		{BA4F0FC6-F892-4850-B69F-4F1EB029BF62}.Release|Any CPU.ActiveCfg = Release|Any CPU
		{BA4F0FC6-F892-4850-B69F-4F1EB029BF62}.Release|Any CPU.Build.0 = Release|Any CPU
	EndGlobalSection
	GlobalSection(SolutionProperties) = preSolution
		HideSolutionNode = FALSE
	EndGlobalSection
EndGlobal
